
Microsoft Visual Studio Solution File, Format Version 12.00
# Visual Studio 15
VisualStudioVersion = 15.0.27428.2005
MinimumVisualStudioVersion = 10.0.40219.1
Project("{FAE04EC0-301F-11D3-BF4B-00C04F79EFBC}") = "CryptoApp", "CryptoApp\CryptoApp.csproj", "{3D20D78F-75B6-42E3-ABF3-49BC5BE6A19C}"
EndProject
Global
	GlobalSection(SolutionConfigurationPlatforms) = preSolution
		Debug|Any CPU = Debug|Any CPU
		Release|Any CPU = Release|Any CPU
	EndGlobalSection
	GlobalSection(ProjectConfigurationPlatforms) = postSolution
		{3D20D78F-75B6-42E3-ABF3-49BC5BE6A19C}.Debug|Any CPU.ActiveCfg = Debug|Any CPU
		{3D20D78F-75B6-42E3-ABF3-49BC5BE6A19C}.Debug|Any CPU.Build.0 = Debug|Any CPU
		{3D20D78F-75B6-42E3-ABF3-49BC5BE6A19C}.Release|Any CPU.ActiveCfg = Release|Any CPU
		{3D20D78F-75B6-42E3-ABF3-49BC5BE6A19C}.Release|Any CPU.Build.0 = Release|Any CPU
	EndGlobalSection
	GlobalSection(SolutionProperties) = preSolution
		HideSolutionNode = FALSE
	EndGlobalSection
	GlobalSection(ExtensibilityGlobals) = postSolution
		SolutionGuid = {127B5F62-A2D9-4FBA-8BD0-E6B335A342E1}
	EndGlobalSection
EndGlobal
